
Microsoft Visual Studio Solution File, Format Version 12.00
# Visual Studio 14
VisualStudioVersion = 14.0.24720.0
MinimumVisualStudioVersion = 10.0.40219.1
Project("{FAE04EC0-301F-11D3-BF4B-00C04F79EFBC}") = "NETLIB", "NETLIB\NETLIB.csproj", "{DA5BC0D0-2092-4571-94A8-7B40F29FC4AF}"
EndProject
Project("{FAE04EC0-301F-11D3-BF4B-00C04F79EFBC}") = "NETLIBTestUnit", "NETLIBTestUnit\NETLIBTestUnit.csproj", "{18E527B0-6590-480C-90BB-6FC8825EA0EF}"
EndProject
Global
	GlobalSection(SolutionConfigurationPlatforms) = preSolution
		Debug|Any CPU = Debug|Any CPU
		Release|Any CPU = Release|Any CPU
	EndGlobalSection
	GlobalSection(ProjectConfigurationPlatforms) = postSolution
		{DA5BC0D0-2092-4571-94A8-7B40F29FC4AF}.Debug|Any CPU.ActiveCfg = Debug|Any CPU
		{DA5BC0D0-2092-4571-94A8-7B40F29FC4AF}.Debug|Any CPU.Build.0 = Debug|Any CPU
		{DA5BC0D0-2092-4571-94A8-7B40F29FC4AF}.Release|Any CPU.ActiveCfg = Release|Any CPU
		{DA5BC0D0-2092-4571-94A8-7B40F29FC4AF}.Release|Any CPU.Build.0 = Release|Any CPU
		{18E527B0-6590-480C-90BB-6FC8825EA0EF}.Debug|Any CPU.ActiveCfg = Debug|Any CPU
		{18E527B0-6590-480C-90BB-6FC8825EA0EF}.Debug|Any CPU.Build.0 = Debug|Any CPU
		{18E527B0-6590-480C-90BB-6FC8825EA0EF}.Release|Any CPU.ActiveCfg = Release|Any CPU
		{18E527B0-6590-480C-90BB-6FC8825EA0EF}.Release|Any CPU.Build.0 = Release|Any CPU
	EndGlobalSection
	GlobalSection(SolutionProperties) = preSolution
		HideSolutionNode = FALSE
	EndGlobalSection
EndGlobal
